// !$*UTF8*$!
{
	archiveVersion = 1;
	classes = {
	};
	objectVersion = 56;
	objects = {

/* Begin PBXBuildFile section */
		410DBFE82B08573C00FF577C /* RepeatTableViewCell.swift in Sources */ = {isa = PBXBuildFile; fileRef = 410DBFE62B08573C00FF577C /* RepeatTableViewCell.swift */; };
		410DBFE92B08573C00FF577C /* RepeatTableViewCell.xib in Resources */ = {isa = PBXBuildFile; fileRef = 410DBFE72B08573C00FF577C /* RepeatTableViewCell.xib */; };
		410DBFEC2B08579400FF577C /* AlarmDetailViewController+TableView.swift in Sources */ = {isa = PBXBuildFile; fileRef = 410DBFEB2B08579400FF577C /* AlarmDetailViewController+TableView.swift */; };
		410DBFF32B08584E00FF577C /* LabelTableViewCell.swift in Sources */ = {isa = PBXBuildFile; fileRef = 410DBFF12B08584E00FF577C /* LabelTableViewCell.swift */; };
		410DBFF42B08584E00FF577C /* LabelTableViewCell.xib in Resources */ = {isa = PBXBuildFile; fileRef = 410DBFF22B08584E00FF577C /* LabelTableViewCell.xib */; };
		410DBFF72B08585600FF577C /* SoundTableViewCell.swift in Sources */ = {isa = PBXBuildFile; fileRef = 410DBFF52B08585600FF577C /* SoundTableViewCell.swift */; };
		410DBFF82B08585600FF577C /* SoundTableViewCell.xib in Resources */ = {isa = PBXBuildFile; fileRef = 410DBFF62B08585600FF577C /* SoundTableViewCell.xib */; };
		410DBFFB2B08585D00FF577C /* SnoozeTableViewCell.swift in Sources */ = {isa = PBXBuildFile; fileRef = 410DBFF92B08585D00FF577C /* SnoozeTableViewCell.swift */; };
		410DBFFC2B08585D00FF577C /* SnoozeTableViewCell.xib in Resources */ = {isa = PBXBuildFile; fileRef = 410DBFFA2B08585D00FF577C /* SnoozeTableViewCell.xib */; };
		413F87022AFEE4AD0006E677 /* AppDelegate.swift in Sources */ = {isa = PBXBuildFile; fileRef = 413F87012AFEE4AD0006E677 /* AppDelegate.swift */; };
		413F87042AFEE4AD0006E677 /* SceneDelegate.swift in Sources */ = {isa = PBXBuildFile; fileRef = 413F87032AFEE4AD0006E677 /* SceneDelegate.swift */; };
		413F870B2AFEE4AF0006E677 /* Assets.xcassets in Resources */ = {isa = PBXBuildFile; fileRef = 413F870A2AFEE4AF0006E677 /* Assets.xcassets */; };
		413F870E2AFEE4AF0006E677 /* LaunchScreen.storyboard in Resources */ = {isa = PBXBuildFile; fileRef = 413F870C2AFEE4AF0006E677 /* LaunchScreen.storyboard */; };
		413F871C2AFEE77F0006E677 /* MainViewController.swift in Sources */ = {isa = PBXBuildFile; fileRef = 413F871A2AFEE77F0006E677 /* MainViewController.swift */; };
		413F871D2AFEE77F0006E677 /* MainViewController.xib in Resources */ = {isa = PBXBuildFile; fileRef = 413F871B2AFEE77F0006E677 /* MainViewController.xib */; };
		413F871F2AFEE7C00006E677 /* MainViewController+TableView.swift in Sources */ = {isa = PBXBuildFile; fileRef = 413F871E2AFEE7C00006E677 /* MainViewController+TableView.swift */; };
		41F025BA2AFEE94200FE84A8 /* MainClockTableViewCell.swift in Sources */ = {isa = PBXBuildFile; fileRef = 41F025B82AFEE94200FE84A8 /* MainClockTableViewCell.swift */; };
		41F025BB2AFEE94200FE84A8 /* MainClockTableViewCell.xib in Resources */ = {isa = PBXBuildFile; fileRef = 41F025B92AFEE94200FE84A8 /* MainClockTableViewCell.xib */; };
		41F025BF2AFEFF2B00FE84A8 /* ClockTableViewCellViewModel.swift in Sources */ = {isa = PBXBuildFile; fileRef = 41F025BE2AFEFF2B00FE84A8 /* ClockTableViewCellViewModel.swift */; };
		41F025C12AFF031D00FE84A8 /* MainViewModel.swift in Sources */ = {isa = PBXBuildFile; fileRef = 41F025C02AFF031D00FE84A8 /* MainViewModel.swift */; };
		41F025C42AFF077200FE84A8 /* Observable.swift in Sources */ = {isa = PBXBuildFile; fileRef = 41F025C32AFF077200FE84A8 /* Observable.swift */; };
		41F025C62B00476E00FE84A8 /* ToDos.strings in Resources */ = {isa = PBXBuildFile; fileRef = 41F025C52B00476E00FE84A8 /* ToDos.strings */; };
		41F025CB2B01731400FE84A8 /* AlarmDetailViewController.swift in Sources */ = {isa = PBXBuildFile; fileRef = 41F025C92B01731400FE84A8 /* AlarmDetailViewController.swift */; };
		41F025CC2B01731400FE84A8 /* AlarmDetailViewController.xib in Resources */ = {isa = PBXBuildFile; fileRef = 41F025CA2B01731400FE84A8 /* AlarmDetailViewController.xib */; };
/* End PBXBuildFile section */

/* Begin PBXFileReference section */
		410DBFE62B08573C00FF577C /* RepeatTableViewCell.swift */ = {isa = PBXFileReference; lastKnownFileType = sourcecode.swift; path = RepeatTableViewCell.swift; sourceTree = "<group>"; };
		410DBFE72B08573C00FF577C /* RepeatTableViewCell.xib */ = {isa = PBXFileReference; lastKnownFileType = file.xib; path = RepeatTableViewCell.xib; sourceTree = "<group>"; };
		410DBFEB2B08579400FF577C /* AlarmDetailViewController+TableView.swift */ = {isa = PBXFileReference; lastKnownFileType = sourcecode.swift; path = "AlarmDetailViewController+TableView.swift"; sourceTree = "<group>"; };
		410DBFF12B08584E00FF577C /* LabelTableViewCell.swift */ = {isa = PBXFileReference; lastKnownFileType = sourcecode.swift; path = LabelTableViewCell.swift; sourceTree = "<group>"; };
		410DBFF22B08584E00FF577C /* LabelTableViewCell.xib */ = {isa = PBXFileReference; lastKnownFileType = file.xib; path = LabelTableViewCell.xib; sourceTree = "<group>"; };
		410DBFF52B08585600FF577C /* SoundTableViewCell.swift */ = {isa = PBXFileReference; lastKnownFileType = sourcecode.swift; path = SoundTableViewCell.swift; sourceTree = "<group>"; };
		410DBFF62B08585600FF577C /* SoundTableViewCell.xib */ = {isa = PBXFileReference; lastKnownFileType = file.xib; path = SoundTableViewCell.xib; sourceTree = "<group>"; };
		410DBFF92B08585D00FF577C /* SnoozeTableViewCell.swift */ = {isa = PBXFileReference; lastKnownFileType = sourcecode.swift; path = SnoozeTableViewCell.swift; sourceTree = "<group>"; };
		410DBFFA2B08585D00FF577C /* SnoozeTableViewCell.xib */ = {isa = PBXFileReference; lastKnownFileType = file.xib; path = SnoozeTableViewCell.xib; sourceTree = "<group>"; };
		413F86FE2AFEE4AD0006E677 /* Time Mate.app */ = {isa = PBXFileReference; explicitFileType = wrapper.application; includeInIndex = 0; path = "Time Mate.app"; sourceTree = BUILT_PRODUCTS_DIR; };
		413F87012AFEE4AD0006E677 /* AppDelegate.swift */ = {isa = PBXFileReference; lastKnownFileType = sourcecode.swift; path = AppDelegate.swift; sourceTree = "<group>"; };
		413F87032AFEE4AD0006E677 /* SceneDelegate.swift */ = {isa = PBXFileReference; lastKnownFileType = sourcecode.swift; path = SceneDelegate.swift; sourceTree = "<group>"; };
		413F870A2AFEE4AF0006E677 /* Assets.xcassets */ = {isa = PBXFileReference; lastKnownFileType = folder.assetcatalog; path = Assets.xcassets; sourceTree = "<group>"; };
		413F870D2AFEE4AF0006E677 /* Base */ = {isa = PBXFileReference; lastKnownFileType = file.storyboard; name = Base; path = Base.lproj/LaunchScreen.storyboard; sourceTree = "<group>"; };
		413F870F2AFEE4AF0006E677 /* Info.plist */ = {isa = PBXFileReference; lastKnownFileType = text.plist.xml; path = Info.plist; sourceTree = "<group>"; };
		413F871A2AFEE77F0006E677 /* MainViewController.swift */ = {isa = PBXFileReference; lastKnownFileType = sourcecode.swift; path = MainViewController.swift; sourceTree = "<group>"; };
		413F871B2AFEE77F0006E677 /* MainViewController.xib */ = {isa = PBXFileReference; lastKnownFileType = file.xib; path = MainViewController.xib; sourceTree = "<group>"; };
		413F871E2AFEE7C00006E677 /* MainViewController+TableView.swift */ = {isa = PBXFileReference; lastKnownFileType = sourcecode.swift; path = "MainViewController+TableView.swift"; sourceTree = "<group>"; };
		41F025B82AFEE94200FE84A8 /* MainClockTableViewCell.swift */ = {isa = PBXFileReference; lastKnownFileType = sourcecode.swift; path = MainClockTableViewCell.swift; sourceTree = "<group>"; };
		41F025B92AFEE94200FE84A8 /* MainClockTableViewCell.xib */ = {isa = PBXFileReference; lastKnownFileType = file.xib; path = MainClockTableViewCell.xib; sourceTree = "<group>"; };
		41F025BE2AFEFF2B00FE84A8 /* ClockTableViewCellViewModel.swift */ = {isa = PBXFileReference; lastKnownFileType = sourcecode.swift; path = ClockTableViewCellViewModel.swift; sourceTree = "<group>"; };
		41F025C02AFF031D00FE84A8 /* MainViewModel.swift */ = {isa = PBXFileReference; lastKnownFileType = sourcecode.swift; path = MainViewModel.swift; sourceTree = "<group>"; };
		41F025C32AFF077200FE84A8 /* Observable.swift */ = {isa = PBXFileReference; lastKnownFileType = sourcecode.swift; path = Observable.swift; sourceTree = "<group>"; };
		41F025C52B00476E00FE84A8 /* ToDos.strings */ = {isa = PBXFileReference; lastKnownFileType = text.plist.strings; path = ToDos.strings; sourceTree = "<group>"; };
		41F025C92B01731400FE84A8 /* AlarmDetailViewController.swift */ = {isa = PBXFileReference; lastKnownFileType = sourcecode.swift; path = AlarmDetailViewController.swift; sourceTree = "<group>"; };
		41F025CA2B01731400FE84A8 /* AlarmDetailViewController.xib */ = {isa = PBXFileReference; lastKnownFileType = file.xib; path = AlarmDetailViewController.xib; sourceTree = "<group>"; };
/* End PBXFileReference section */

/* Begin PBXFrameworksBuildPhase section */
		413F86FB2AFEE4AD0006E677 /* Frameworks */ = {
			isa = PBXFrameworksBuildPhase;
			buildActionMask = 2147483647;
			files = (
			);
			runOnlyForDeploymentPostprocessing = 0;
		};
/* End PBXFrameworksBuildPhase section */

/* Begin PBXGroup section */
		410DBFED2B08580900FF577C /* Repeat */ = {
			isa = PBXGroup;
			children = (
				410DBFE62B08573C00FF577C /* RepeatTableViewCell.swift */,
				410DBFE72B08573C00FF577C /* RepeatTableViewCell.xib */,
			);
			path = Repeat;
			sourceTree = "<group>";
		};
		410DBFEE2B08581E00FF577C /* Label */ = {
			isa = PBXGroup;
			children = (
				410DBFF12B08584E00FF577C /* LabelTableViewCell.swift */,
				410DBFF22B08584E00FF577C /* LabelTableViewCell.xib */,
			);
			path = Label;
			sourceTree = "<group>";
		};
		410DBFEF2B08582400FF577C /* Sound */ = {
			isa = PBXGroup;
			children = (
				410DBFF52B08585600FF577C /* SoundTableViewCell.swift */,
				410DBFF62B08585600FF577C /* SoundTableViewCell.xib */,
			);
			path = Sound;
			sourceTree = "<group>";
		};
		410DBFF02B08582600FF577C /* Snooze */ = {
			isa = PBXGroup;
			children = (
				410DBFF92B08585D00FF577C /* SnoozeTableViewCell.swift */,
				410DBFFA2B08585D00FF577C /* SnoozeTableViewCell.xib */,
			);
			path = Snooze;
			sourceTree = "<group>";
		};
		413F86F52AFEE4AD0006E677 = {
			isa = PBXGroup;
			children = (
				413F87002AFEE4AD0006E677 /* Time Mate */,
				413F86FF2AFEE4AD0006E677 /* Products */,
			);
			sourceTree = "<group>";
		};
		413F86FF2AFEE4AD0006E677 /* Products */ = {
			isa = PBXGroup;
			children = (
				413F86FE2AFEE4AD0006E677 /* Time Mate.app */,
			);
			name = Products;
			sourceTree = "<group>";
		};
		413F87002AFEE4AD0006E677 /* Time Mate */ = {
			isa = PBXGroup;
			children = (
				41F025C22AFF076300FE84A8 /* Classes */,
				41F025BD2AFEFED400FE84A8 /* ViewModel */,
				41F025B52AFEE91200FE84A8 /* View */,
				413F87152AFEE7530006E677 /* Controllers */,
				413F87012AFEE4AD0006E677 /* AppDelegate.swift */,
				413F87032AFEE4AD0006E677 /* SceneDelegate.swift */,
				413F870A2AFEE4AF0006E677 /* Assets.xcassets */,
				413F870C2AFEE4AF0006E677 /* LaunchScreen.storyboard */,
				413F870F2AFEE4AF0006E677 /* Info.plist */,
				41F025C52B00476E00FE84A8 /* ToDos.strings */,
			);
			path = "Time Mate";
			sourceTree = "<group>";
		};
		413F87152AFEE7530006E677 /* Controllers */ = {
			isa = PBXGroup;
			children = (
				41F025C72B0172E700FE84A8 /* MainViewController */,
				41F025C82B0172EE00FE84A8 /* AlarmDetailViewController */,
			);
			path = Controllers;
			sourceTree = "<group>";
		};
		41F025B52AFEE91200FE84A8 /* View */ = {
			isa = PBXGroup;
			children = (
				41F025BC2AFEE94900FE84A8 /* MainClockCell */,
			);
			path = View;
			sourceTree = "<group>";
		};
		41F025BC2AFEE94900FE84A8 /* MainClockCell */ = {
			isa = PBXGroup;
			children = (
				41F025B82AFEE94200FE84A8 /* MainClockTableViewCell.swift */,
				41F025B92AFEE94200FE84A8 /* MainClockTableViewCell.xib */,
				410DBFED2B08580900FF577C /* Repeat */,
				410DBFEE2B08581E00FF577C /* Label */,
				410DBFEF2B08582400FF577C /* Sound */,
				410DBFF02B08582600FF577C /* Snooze */,
			);
			path = MainClockCell;
			sourceTree = "<group>";
		};
		41F025BD2AFEFED400FE84A8 /* ViewModel */ = {
			isa = PBXGroup;
			children = (
				41F025BE2AFEFF2B00FE84A8 /* ClockTableViewCellViewModel.swift */,
				41F025C02AFF031D00FE84A8 /* MainViewModel.swift */,
			);
			path = ViewModel;
			sourceTree = "<group>";
		};
		41F025C22AFF076300FE84A8 /* Classes */ = {
			isa = PBXGroup;
			children = (
				41F025C32AFF077200FE84A8 /* Observable.swift */,
			);
			path = Classes;
			sourceTree = "<group>";
		};
		41F025C72B0172E700FE84A8 /* MainViewController */ = {
			isa = PBXGroup;
			children = (
				413F871A2AFEE77F0006E677 /* MainViewController.swift */,
				413F871B2AFEE77F0006E677 /* MainViewController.xib */,
				413F871E2AFEE7C00006E677 /* MainViewController+TableView.swift */,
			);
			path = MainViewController;
			sourceTree = "<group>";
		};
		41F025C82B0172EE00FE84A8 /* AlarmDetailViewController */ = {
			isa = PBXGroup;
			children = (
				41F025C92B01731400FE84A8 /* AlarmDetailViewController.swift */,
				41F025CA2B01731400FE84A8 /* AlarmDetailViewController.xib */,
				410DBFEB2B08579400FF577C /* AlarmDetailViewController+TableView.swift */,
			);
			path = AlarmDetailViewController;
			sourceTree = "<group>";
		};
/* End PBXGroup section */

/* Begin PBXNativeTarget section */
		413F86FD2AFEE4AD0006E677 /* Time Mate */ = {
			isa = PBXNativeTarget;
			buildConfigurationList = 413F87122AFEE4AF0006E677 /* Build configuration list for PBXNativeTarget "Time Mate" */;
			buildPhases = (
				413F86FA2AFEE4AD0006E677 /* Sources */,
				413F86FB2AFEE4AD0006E677 /* Frameworks */,
				413F86FC2AFEE4AD0006E677 /* Resources */,
			);
			buildRules = (
			);
			dependencies = (
			);
			name = "Time Mate";
			productName = "Time Mate";
			productReference = 413F86FE2AFEE4AD0006E677 /* Time Mate.app */;
			productType = "com.apple.product-type.application";
		};
/* End PBXNativeTarget section */

/* Begin PBXProject section */
		413F86F62AFEE4AD0006E677 /* Project object */ = {
			isa = PBXProject;
			attributes = {
				BuildIndependentTargetsInParallel = 1;
				LastSwiftUpdateCheck = 1500;
				LastUpgradeCheck = 1500;
				TargetAttributes = {
					413F86FD2AFEE4AD0006E677 = {
						CreatedOnToolsVersion = 15.0.1;
					};
				};
			};
			buildConfigurationList = 413F86F92AFEE4AD0006E677 /* Build configuration list for PBXProject "Time Mate" */;
			compatibilityVersion = "Xcode 14.0";
			developmentRegion = en;
			hasScannedForEncodings = 0;
			knownRegions = (
				en,
				Base,
			);
			mainGroup = 413F86F52AFEE4AD0006E677;
			productRefGroup = 413F86FF2AFEE4AD0006E677 /* Products */;
			projectDirPath = "";
			projectRoot = "";
			targets = (
				413F86FD2AFEE4AD0006E677 /* Time Mate */,
			);
		};
/* End PBXProject section */

/* Begin PBXResourcesBuildPhase section */
		413F86FC2AFEE4AD0006E677 /* Resources */ = {
			isa = PBXResourcesBuildPhase;
			buildActionMask = 2147483647;
			files = (
				413F870E2AFEE4AF0006E677 /* LaunchScreen.storyboard in Resources */,
				41F025CC2B01731400FE84A8 /* AlarmDetailViewController.xib in Resources */,
				410DBFF42B08584E00FF577C /* LabelTableViewCell.xib in Resources */,
				413F871D2AFEE77F0006E677 /* MainViewController.xib in Resources */,
				410DBFE92B08573C00FF577C /* RepeatTableViewCell.xib in Resources */,
				410DBFFC2B08585D00FF577C /* SnoozeTableViewCell.xib in Resources */,
				413F870B2AFEE4AF0006E677 /* Assets.xcassets in Resources */,
				410DBFF82B08585600FF577C /* SoundTableViewCell.xib in Resources */,
				41F025C62B00476E00FE84A8 /* ToDos.strings in Resources */,
				41F025BB2AFEE94200FE84A8 /* MainClockTableViewCell.xib in Resources */,
			);
			runOnlyForDeploymentPostprocessing = 0;
		};
/* End PBXResourcesBuildPhase section */

/* Begin PBXSourcesBuildPhase section */
		413F86FA2AFEE4AD0006E677 /* Sources */ = {
			isa = PBXSourcesBuildPhase;
			buildActionMask = 2147483647;
			files = (
				41F025C42AFF077200FE84A8 /* Observable.swift in Sources */,
				410DBFEC2B08579400FF577C /* AlarmDetailViewController+TableView.swift in Sources */,
				410DBFF32B08584E00FF577C /* LabelTableViewCell.swift in Sources */,
				41F025C12AFF031D00FE84A8 /* MainViewModel.swift in Sources */,
				41F025CB2B01731400FE84A8 /* AlarmDetailViewController.swift in Sources */,
				41F025BA2AFEE94200FE84A8 /* MainClockTableViewCell.swift in Sources */,
				410DBFE82B08573C00FF577C /* RepeatTableViewCell.swift in Sources */,
				41F025BF2AFEFF2B00FE84A8 /* ClockTableViewCellViewModel.swift in Sources */,
				410DBFF72B08585600FF577C /* SoundTableViewCell.swift in Sources */,
				413F871F2AFEE7C00006E677 /* MainViewController+TableView.swift in Sources */,
				413F87022AFEE4AD0006E677 /* AppDelegate.swift in Sources */,
				410DBFFB2B08585D00FF577C /* SnoozeTableViewCell.swift in Sources */,
				413F87042AFEE4AD0006E677 /* SceneDelegate.swift in Sources */,
				413F871C2AFEE77F0006E677 /* MainViewController.swift in Sources */,
			);
			runOnlyForDeploymentPostprocessing = 0;
		};
/* End PBXSourcesBuildPhase section */

/* Begin PBXVariantGroup section */
		413F870C2AFEE4AF0006E677 /* LaunchScreen.storyboard */ = {
			isa = PBXVariantGroup;
			children = (
				413F870D2AFEE4AF0006E677 /* Base */,
			);
			name = LaunchScreen.storyboard;
			sourceTree = "<group>";
		};
/* End PBXVariantGroup section */

/* Begin XCBuildConfiguration section */
		413F87102AFEE4AF0006E677 /* Debug */ = {
			isa = XCBuildConfiguration;
			buildSettings = {
				ALWAYS_SEARCH_USER_PATHS = NO;
				ASSETCATALOG_COMPILER_GENERATE_SWIFT_ASSET_SYMBOL_EXTENSIONS = YES;
				CLANG_ANALYZER_NONNULL = YES;
				CLANG_ANALYZER_NUMBER_OBJECT_CONVERSION = YES_AGGRESSIVE;
				CLANG_CXX_LANGUAGE_STANDARD = "gnu++20";
				CLANG_ENABLE_MODULES = YES;
				CLANG_ENABLE_OBJC_ARC = YES;
				CLANG_ENABLE_OBJC_WEAK = YES;
				CLANG_WARN_BLOCK_CAPTURE_AUTORELEASING = YES;
				CLANG_WARN_BOOL_CONVERSION = YES;
				CLANG_WARN_COMMA = YES;
				CLANG_WARN_CONSTANT_CONVERSION = YES;
				CLANG_WARN_DEPRECATED_OBJC_IMPLEMENTATIONS = YES;
				CLANG_WARN_DIRECT_OBJC_ISA_USAGE = YES_ERROR;
				CLANG_WARN_DOCUMENTATION_COMMENTS = YES;
				CLANG_WARN_EMPTY_BODY = YES;
				CLANG_WARN_ENUM_CONVERSION = YES;
				CLANG_WARN_INFINITE_RECURSION = YES;
				CLANG_WARN_INT_CONVERSION = YES;
				CLANG_WARN_NON_LITERAL_NULL_CONVERSION = YES;
				CLANG_WARN_OBJC_IMPLICIT_RETAIN_SELF = YES;
				CLANG_WARN_OBJC_LITERAL_CONVERSION = YES;
				CLANG_WARN_OBJC_ROOT_CLASS = YES_ERROR;
				CLANG_WARN_QUOTED_INCLUDE_IN_FRAMEWORK_HEADER = YES;
				CLANG_WARN_RANGE_LOOP_ANALYSIS = YES;
				CLANG_WARN_STRICT_PROTOTYPES = YES;
				CLANG_WARN_SUSPICIOUS_MOVE = YES;
				CLANG_WARN_UNGUARDED_AVAILABILITY = YES_AGGRESSIVE;
				CLANG_WARN_UNREACHABLE_CODE = YES;
				CLANG_WARN__DUPLICATE_METHOD_MATCH = YES;
				COPY_PHASE_STRIP = NO;
				DEBUG_INFORMATION_FORMAT = dwarf;
				ENABLE_STRICT_OBJC_MSGSEND = YES;
				ENABLE_TESTABILITY = YES;
				ENABLE_USER_SCRIPT_SANDBOXING = YES;
				GCC_C_LANGUAGE_STANDARD = gnu17;
				GCC_DYNAMIC_NO_PIC = NO;
				GCC_NO_COMMON_BLOCKS = YES;
				GCC_OPTIMIZATION_LEVEL = 0;
				GCC_PREPROCESSOR_DEFINITIONS = (
					"DEBUG=1",
					"$(inherited)",
				);
				GCC_WARN_64_TO_32_BIT_CONVERSION = YES;
				GCC_WARN_ABOUT_RETURN_TYPE = YES_ERROR;
				GCC_WARN_UNDECLARED_SELECTOR = YES;
				GCC_WARN_UNINITIALIZED_AUTOS = YES_AGGRESSIVE;
				GCC_WARN_UNUSED_FUNCTION = YES;
				GCC_WARN_UNUSED_VARIABLE = YES;
				IPHONEOS_DEPLOYMENT_TARGET = 17.0;
				LOCALIZATION_PREFERS_STRING_CATALOGS = YES;
				MTL_ENABLE_DEBUG_INFO = INCLUDE_SOURCE;
				MTL_FAST_MATH = YES;
				ONLY_ACTIVE_ARCH = YES;
				SDKROOT = iphoneos;
				SWIFT_ACTIVE_COMPILATION_CONDITIONS = "DEBUG $(inherited)";
				SWIFT_OPTIMIZATION_LEVEL = "-Onone";
			};
			name = Debug;
		};
		413F87112AFEE4AF0006E677 /* Release */ = {
			isa = XCBuildConfiguration;
			buildSettings = {
				ALWAYS_SEARCH_USER_PATHS = NO;
				ASSETCATALOG_COMPILER_GENERATE_SWIFT_ASSET_SYMBOL_EXTENSIONS = YES;
				CLANG_ANALYZER_NONNULL = YES;
				CLANG_ANALYZER_NUMBER_OBJECT_CONVERSION = YES_AGGRESSIVE;
				CLANG_CXX_LANGUAGE_STANDARD = "gnu++20";
				CLANG_ENABLE_MODULES = YES;
				CLANG_ENABLE_OBJC_ARC = YES;
				CLANG_ENABLE_OBJC_WEAK = YES;
				CLANG_WARN_BLOCK_CAPTURE_AUTORELEASING = YES;
				CLANG_WARN_BOOL_CONVERSION = YES;
				CLANG_WARN_COMMA = YES;
				CLANG_WARN_CONSTANT_CONVERSION = YES;
				CLANG_WARN_DEPRECATED_OBJC_IMPLEMENTATIONS = YES;
				CLANG_WARN_DIRECT_OBJC_ISA_USAGE = YES_ERROR;
				CLANG_WARN_DOCUMENTATION_COMMENTS = YES;
				CLANG_WARN_EMPTY_BODY = YES;
				CLANG_WARN_ENUM_CONVERSION = YES;
				CLANG_WARN_INFINITE_RECURSION = YES;
				CLANG_WARN_INT_CONVERSION = YES;
				CLANG_WARN_NON_LITERAL_NULL_CONVERSION = YES;
				CLANG_WARN_OBJC_IMPLICIT_RETAIN_SELF = YES;
				CLANG_WARN_OBJC_LITERAL_CONVERSION = YES;
				CLANG_WARN_OBJC_ROOT_CLASS = YES_ERROR;
				CLANG_WARN_QUOTED_INCLUDE_IN_FRAMEWORK_HEADER = YES;
				CLANG_WARN_RANGE_LOOP_ANALYSIS = YES;
				CLANG_WARN_STRICT_PROTOTYPES = YES;
				CLANG_WARN_SUSPICIOUS_MOVE = YES;
				CLANG_WARN_UNGUARDED_AVAILABILITY = YES_AGGRESSIVE;
				CLANG_WARN_UNREACHABLE_CODE = YES;
				CLANG_WARN__DUPLICATE_METHOD_MATCH = YES;
				COPY_PHASE_STRIP = NO;
				DEBUG_INFORMATION_FORMAT = "dwarf-with-dsym";
				ENABLE_NS_ASSERTIONS = NO;
				ENABLE_STRICT_OBJC_MSGSEND = YES;
				ENABLE_USER_SCRIPT_SANDBOXING = YES;
				GCC_C_LANGUAGE_STANDARD = gnu17;
				GCC_NO_COMMON_BLOCKS = YES;
				GCC_WARN_64_TO_32_BIT_CONVERSION = YES;
				GCC_WARN_ABOUT_RETURN_TYPE = YES_ERROR;
				GCC_WARN_UNDECLARED_SELECTOR = YES;
				GCC_WARN_UNINITIALIZED_AUTOS = YES_AGGRESSIVE;
				GCC_WARN_UNUSED_FUNCTION = YES;
				GCC_WARN_UNUSED_VARIABLE = YES;
				IPHONEOS_DEPLOYMENT_TARGET = 17.0;
				LOCALIZATION_PREFERS_STRING_CATALOGS = YES;
				MTL_ENABLE_DEBUG_INFO = NO;
				MTL_FAST_MATH = YES;
				SDKROOT = iphoneos;
				SWIFT_COMPILATION_MODE = wholemodule;
				VALIDATE_PRODUCT = YES;
			};
			name = Release;
		};
		413F87132AFEE4AF0006E677 /* Debug */ = {
			isa = XCBuildConfiguration;
			buildSettings = {
				ASSETCATALOG_COMPILER_APPICON_NAME = AppIcon;
				ASSETCATALOG_COMPILER_GLOBAL_ACCENT_COLOR_NAME = AccentColor;
				CODE_SIGN_STYLE = Automatic;
				CURRENT_PROJECT_VERSION = 1;
				DEVELOPMENT_TEAM = H6A8FF2GG8;
				GENERATE_INFOPLIST_FILE = YES;
				INFOPLIST_FILE = "Time Mate/Info.plist";
				INFOPLIST_KEY_UIApplicationSupportsIndirectInputEvents = YES;
				INFOPLIST_KEY_UILaunchStoryboardName = LaunchScreen;
				INFOPLIST_KEY_UISupportedInterfaceOrientations_iPad = "UIInterfaceOrientationPortrait UIInterfaceOrientationPortraitUpsideDown UIInterfaceOrientationLandscapeLeft UIInterfaceOrientationLandscapeRight";
				INFOPLIST_KEY_UISupportedInterfaceOrientations_iPhone = "UIInterfaceOrientationPortrait UIInterfaceOrientationLandscapeLeft UIInterfaceOrientationLandscapeRight";
				LD_RUNPATH_SEARCH_PATHS = (
					"$(inherited)",
					"@executable_path/Frameworks",
				);
				MARKETING_VERSION = 1.0;
				PRODUCT_BUNDLE_IDENTIFIER = "keremdemir.Time-Mate";
				PRODUCT_NAME = "$(TARGET_NAME)";
				SWIFT_EMIT_LOC_STRINGS = YES;
				SWIFT_VERSION = 5.0;
				TARGETED_DEVICE_FAMILY = "1,2";
			};
			name = Debug;
		};
		413F87142AFEE4AF0006E677 /* Release */ = {
			isa = XCBuildConfiguration;
			buildSettings = {
				ASSETCATALOG_COMPILER_APPICON_NAME = AppIcon;
				ASSETCATALOG_COMPILER_GLOBAL_ACCENT_COLOR_NAME = AccentColor;
				CODE_SIGN_STYLE = Automatic;
				CURRENT_PROJECT_VERSION = 1;
				DEVELOPMENT_TEAM = H6A8FF2GG8;
				GENERATE_INFOPLIST_FILE = YES;
				INFOPLIST_FILE = "Time Mate/Info.plist";
				INFOPLIST_KEY_UIApplicationSupportsIndirectInputEvents = YES;
				INFOPLIST_KEY_UILaunchStoryboardName = LaunchScreen;
				INFOPLIST_KEY_UISupportedInterfaceOrientations_iPad = "UIInterfaceOrientationPortrait UIInterfaceOrientationPortraitUpsideDown UIInterfaceOrientationLandscapeLeft UIInterfaceOrientationLandscapeRight";
				INFOPLIST_KEY_UISupportedInterfaceOrientations_iPhone = "UIInterfaceOrientationPortrait UIInterfaceOrientationLandscapeLeft UIInterfaceOrientationLandscapeRight";
				LD_RUNPATH_SEARCH_PATHS = (
					"$(inherited)",
					"@executable_path/Frameworks",
				);
				MARKETING_VERSION = 1.0;
				PRODUCT_BUNDLE_IDENTIFIER = "keremdemir.Time-Mate";
				PRODUCT_NAME = "$(TARGET_NAME)";
				SWIFT_EMIT_LOC_STRINGS = YES;
				SWIFT_VERSION = 5.0;
				TARGETED_DEVICE_FAMILY = "1,2";
			};
			name = Release;
		};
/* End XCBuildConfiguration section */

/* Begin XCConfigurationList section */
		413F86F92AFEE4AD0006E677 /* Build configuration list for PBXProject "Time Mate" */ = {
			isa = XCConfigurationList;
			buildConfigurations = (
				413F87102AFEE4AF0006E677 /* Debug */,
				413F87112AFEE4AF0006E677 /* Release */,
			);
			defaultConfigurationIsVisible = 0;
			defaultConfigurationName = Release;
		};
		413F87122AFEE4AF0006E677 /* Build configuration list for PBXNativeTarget "Time Mate" */ = {
			isa = XCConfigurationList;
			buildConfigurations = (
				413F87132AFEE4AF0006E677 /* Debug */,
				413F87142AFEE4AF0006E677 /* Release */,
			);
			defaultConfigurationIsVisible = 0;
			defaultConfigurationName = Release;
		};
/* End XCConfigurationList section */
	};
	rootObject = 413F86F62AFEE4AD0006E677 /* Project object */;
}
